
Microsoft Visual Studio Solution File, Format Version 12.00
# Visual Studio Version 17
VisualStudioVersion = 17.9.34723.18
MinimumVisualStudioVersion = 10.0.40219.1
Project("{9A19103F-16F7-4668-BE54-9A1E7A4F7556}") = "WalletWiseApi", "src\WalletWiseApi.csproj", "{0D1C540C-0C87-4F8D-82CC-524E191E4606}"
EndProject
Project("{9A19103F-16F7-4668-BE54-9A1E7A4F7556}") = "WalletWise.Model", "WalletWise.Model\WalletWise.Model.csproj", "{EBA0E023-D078-4CF1-B94A-D300AA98AF43}"
EndProject
Project("{00D1A9C2-B5F0-4AF3-8072-F6C62B433612}") = "WalletWise.DB", "WalletWise.DB\WalletWise.DB.sqlproj", "{ED535D55-9454-48CE-A566-15A9DC1CF005}"
EndProject
Project("{9A19103F-16F7-4668-BE54-9A1E7A4F7556}") = "WalletWise.Repository", "WalletWise.Repository\WalletWise.Repository.csproj", "{087CEFAD-ECD2-4E67-BBD2-E8B8E0A0BDE8}"
EndProject
Project("{9A19103F-16F7-4668-BE54-9A1E7A4F7556}") = "WalletWise.Model.DTO", "WalletWise.Model.DTO\WalletWise.Model.DTO.csproj", "{FF3966BE-4611-4DD9-A25E-C0F1CAD8FA1B}"
EndProject
Global
	GlobalSection(SolutionConfigurationPlatforms) = preSolution
		Debug|Any CPU = Debug|Any CPU
		Release|Any CPU = Release|Any CPU
	EndGlobalSection
	GlobalSection(ProjectConfigurationPlatforms) = postSolution
		{0D1C540C-0C87-4F8D-82CC-524E191E4606}.Debug|Any CPU.ActiveCfg = Debug|Any CPU
		{0D1C540C-0C87-4F8D-82CC-524E191E4606}.Debug|Any CPU.Build.0 = Debug|Any CPU
		{0D1C540C-0C87-4F8D-82CC-524E191E4606}.Release|Any CPU.ActiveCfg = Release|Any CPU
		{0D1C540C-0C87-4F8D-82CC-524E191E4606}.Release|Any CPU.Build.0 = Release|Any CPU
		{EBA0E023-D078-4CF1-B94A-D300AA98AF43}.Debug|Any CPU.ActiveCfg = Debug|Any CPU
		{EBA0E023-D078-4CF1-B94A-D300AA98AF43}.Debug|Any CPU.Build.0 = Debug|Any CPU
		{EBA0E023-D078-4CF1-B94A-D300AA98AF43}.Release|Any CPU.ActiveCfg = Release|Any CPU
		{EBA0E023-D078-4CF1-B94A-D300AA98AF43}.Release|Any CPU.Build.0 = Release|Any CPU
		{ED535D55-9454-48CE-A566-15A9DC1CF005}.Debug|Any CPU.ActiveCfg = Debug|Any CPU
		{ED535D55-9454-48CE-A566-15A9DC1CF005}.Debug|Any CPU.Build.0 = Debug|Any CPU
		{ED535D55-9454-48CE-A566-15A9DC1CF005}.Debug|Any CPU.Deploy.0 = Debug|Any CPU
		{ED535D55-9454-48CE-A566-15A9DC1CF005}.Release|Any CPU.ActiveCfg = Release|Any CPU
		{ED535D55-9454-48CE-A566-15A9DC1CF005}.Release|Any CPU.Build.0 = Release|Any CPU
		{ED535D55-9454-48CE-A566-15A9DC1CF005}.Release|Any CPU.Deploy.0 = Release|Any CPU
		{087CEFAD-ECD2-4E67-BBD2-E8B8E0A0BDE8}.Debug|Any CPU.ActiveCfg = Debug|Any CPU
		{087CEFAD-ECD2-4E67-BBD2-E8B8E0A0BDE8}.Debug|Any CPU.Build.0 = Debug|Any CPU
		{087CEFAD-ECD2-4E67-BBD2-E8B8E0A0BDE8}.Release|Any CPU.ActiveCfg = Release|Any CPU
		{087CEFAD-ECD2-4E67-BBD2-E8B8E0A0BDE8}.Release|Any CPU.Build.0 = Release|Any CPU
		{FF3966BE-4611-4DD9-A25E-C0F1CAD8FA1B}.Debug|Any CPU.ActiveCfg = Debug|Any CPU
		{FF3966BE-4611-4DD9-A25E-C0F1CAD8FA1B}.Debug|Any CPU.Build.0 = Debug|Any CPU
		{FF3966BE-4611-4DD9-A25E-C0F1CAD8FA1B}.Release|Any CPU.ActiveCfg = Release|Any CPU
		{FF3966BE-4611-4DD9-A25E-C0F1CAD8FA1B}.Release|Any CPU.Build.0 = Release|Any CPU
	EndGlobalSection
	GlobalSection(SolutionProperties) = preSolution
		HideSolutionNode = FALSE
	EndGlobalSection
	GlobalSection(ExtensibilityGlobals) = postSolution
		SolutionGuid = {4BE6E9E2-77E5-419E-9D52-E0F3F833288D}
	EndGlobalSection
EndGlobal
